
Microsoft Visual Studio Solution File, Format Version 12.00
# Visual Studio Version 17
VisualStudioVersion = 17.14.36518.9
MinimumVisualStudioVersion = 10.0.40219.1
Project("{2150E333-8FDC-42A3-9474-1A3956D46DE8}") = "Task0", "Task0", "{02EA681E-C7D8-13C7-8484-4AC65E1B71E8}"
EndProject
Project("{FAE04EC0-301F-11D3-BF4B-00C04F79EFBC}") = "Tyuiu.KochetovAP.Sprint3.Task0.V10", "Tyuiu.KochetovAP.Sprint3.Task0.V10\Tyuiu.KochetovAP.Sprint3.Task0.V10.csproj", "{F85234C0-6EEB-4DF4-8F7F-B791DDE95CFD}"
EndProject
Project("{FAE04EC0-301F-11D3-BF4B-00C04F79EFBC}") = "Tyuiu.KochetovAP.Sprint3.Task0.V10.Lib", "Tyuiu.KochetovAP.Sprint3.Task0.V10.Lib\Tyuiu.KochetovAP.Sprint3.Task0.V10.Lib.csproj", "{D05598A3-CA90-4306-A015-AEC0BFA31CE0}"
EndProject
Project("{FAE04EC0-301F-11D3-BF4B-00C04F79EFBC}") = "Tyuiu.KochetovAP.Sprint3.Task0.V10.Test", "Tyuiu.KochetovAP.Sprint3.Task0.V10.Test\Tyuiu.KochetovAP.Sprint3.Task0.V10.Test.csproj", "{E17177B8-DC35-46B1-ADC7-23ED403A72A3}"
EndProject
Project("{2150E333-8FDC-42A3-9474-1A3956D46DE8}") = "Task1", "Task1", "{1B8BEC1B-F718-4F87-8475-073D86EC26AD}"
EndProject
Project("{FAE04EC0-301F-11D3-BF4B-00C04F79EFBC}") = "Tyuiu.KochetovAP.Sprint3.Task1.V29", "Tyuiu.KochetovAP.Sprint3.Task1.V29\Tyuiu.KochetovAP.Sprint3.Task1.V29.csproj", "{FBF50DED-3D66-4D35-8520-16E0E6BBC7BB}"
EndProject
Project("{FAE04EC0-301F-11D3-BF4B-00C04F79EFBC}") = "Tyuiu.KochetovAP.Sprint3.Task1.V29.Lib", "Tyuiu.KochetovAP.Sprint3.Task1.V29.Lib\Tyuiu.KochetovAP.Sprint3.Task1.V29.Lib.csproj", "{58143C1A-C990-4756-ADFF-DD91BB291563}"
EndProject
Project("{FAE04EC0-301F-11D3-BF4B-00C04F79EFBC}") = "Tyuiu.KochetovAP.Sprint3.Task1.V29.Test", "Tyuiu.KochetovAP.Sprint3.Task1.V29.Test\Tyuiu.KochetovAP.Sprint3.Task1.V29.Test.csproj", "{4262FC97-B551-4536-8AC0-E2E5B7D57A47}"
EndProject
Project("{2150E333-8FDC-42A3-9474-1A3956D46DE8}") = "Task2", "Task2", "{86CAC906-7919-46DB-8EC0-69AB685DC055}"
EndProject
Project("{FAE04EC0-301F-11D3-BF4B-00C04F79EFBC}") = "Tyuiu.KochetovAP.Sprint3.Task2.V30", "Tyuiu.KochetovAP.Sprint3.Task2.V30\Tyuiu.KochetovAP.Sprint3.Task2.V30.csproj", "{B52B8592-5E30-49E0-8F7A-6B8FA51571C2}"
EndProject
Project("{FAE04EC0-301F-11D3-BF4B-00C04F79EFBC}") = "Tyuiu.KochetovAP.Sprint3.Task2.V30.Lib", "Tyuiu.KochetovAP.Sprint3.Task2.V30.Lib\Tyuiu.KochetovAP.Sprint3.Task2.V30.Lib.csproj", "{011AE732-1255-4C19-8F67-B6E64497D59B}"
EndProject
Project("{FAE04EC0-301F-11D3-BF4B-00C04F79EFBC}") = "Tyuiu.KochetovAP.Sprint3.Task2.V30.Test", "Tyuiu.KochetovAP.Sprint3.Task2.V30.Test\Tyuiu.KochetovAP.Sprint3.Task2.V30.Test.csproj", "{9DC3E6F1-1B0F-4437-A578-BB985DC8D454}"
EndProject
Project("{2150E333-8FDC-42A3-9474-1A3956D46DE8}") = "Task3", "Task3", "{554028FF-6670-48E4-8415-1A99F50B1FB2}"
EndProject
Project("{FAE04EC0-301F-11D3-BF4B-00C04F79EFBC}") = "Tyuiu.KochetovAP.Sprint3.Task3.V27", "Tyuiu.KochetovAP.Sprint3.Task3.V27\Tyuiu.KochetovAP.Sprint3.Task3.V27.csproj", "{F5018E64-EE11-4679-AA3E-8B1ABB84C752}"
EndProject
Project("{FAE04EC0-301F-11D3-BF4B-00C04F79EFBC}") = "Tyuiu.KochetovAP.Sprint3.Task3.V27.Lib", "Tyuiu.KochetovAP.Sprint3.Task3.V27.Lib\Tyuiu.KochetovAP.Sprint3.Task3.V27.Lib.csproj", "{71EA25FD-B5DF-48EE-A77C-20DA015F961E}"
EndProject
Project("{FAE04EC0-301F-11D3-BF4B-00C04F79EFBC}") = "Tyuiu.KochetovAP.Sprint3.Task3.V27.Test", "Tyuiu.KochetovAP.Sprint3.Task3.V27.Test\Tyuiu.KochetovAP.Sprint3.Task3.V27.Test.csproj", "{FA5BD771-825F-4CF3-9055-76F79A5B5993}"
EndProject
Project("{2150E333-8FDC-42A3-9474-1A3956D46DE8}") = "Task4", "Task4", "{AB1BBC7B-7C2D-4F90-A02C-DD859F29F9D7}"
EndProject
Project("{FAE04EC0-301F-11D3-BF4B-00C04F79EFBC}") = "Tyuiu.KochetovAP.Sprint3.Task4.V5", "Tyuiu.KochetovAP.Sprint3.Task4.V5\Tyuiu.KochetovAP.Sprint3.Task4.V5.csproj", "{2D31249D-43C2-40E3-BD39-637B61FF3A15}"
EndProject
Project("{FAE04EC0-301F-11D3-BF4B-00C04F79EFBC}") = "Tyuiu.KochetovAP.Sprint3.Task4.V5.Lib", "Tyuiu.KochetovAP.Sprint3.Task4.V5.Lib\Tyuiu.KochetovAP.Sprint3.Task4.V5.Lib.csproj", "{F7E193F6-E5F2-4100-A36A-7FF59DFB2457}"
EndProject
Project("{FAE04EC0-301F-11D3-BF4B-00C04F79EFBC}") = "Tyuiu.KochetovAP.Sprint3.Task4.V5.Test", "Tyuiu.KochetovAP.Sprint3.Task4.V5.Test\Tyuiu.KochetovAP.Sprint3.Task4.V5.Test.csproj", "{E310BCD4-42A6-44D8-949F-781284DCC06F}"
EndProject
Project("{2150E333-8FDC-42A3-9474-1A3956D46DE8}") = "Task5", "Task5", "{706E2457-9510-4400-9E92-1726F41A66C0}"
EndProject
Project("{FAE04EC0-301F-11D3-BF4B-00C04F79EFBC}") = "Tyuiu.KochetovAP.Sprint3.Task5.V11", "Tyuiu.KochetovAP.Sprint3.Task5.V11\Tyuiu.KochetovAP.Sprint3.Task5.V11.csproj", "{93C337FC-E330-4E8A-A39A-1B4F14C7D657}"
EndProject
Project("{FAE04EC0-301F-11D3-BF4B-00C04F79EFBC}") = "Tyuiu.KochetovAP.Sprint3.Task5.V11.Lib", "Tyuiu.KochetovAP.Sprint3.Task5.V11.Lib\Tyuiu.KochetovAP.Sprint3.Task5.V11.Lib.csproj", "{748A09E3-A24D-4F8F-9558-B4BC9567FB44}"
EndProject
Project("{FAE04EC0-301F-11D3-BF4B-00C04F79EFBC}") = "Tyuiu.KochetovAP.Sprint3.Task5.V11.Test", "Tyuiu.KochetovAP.Sprint3.Task5.V11.Test\Tyuiu.KochetovAP.Sprint3.Task5.V11.Test.csproj", "{E7200491-23E4-4A5F-AFCF-EABFD34816B4}"
EndProject
Global
	GlobalSection(SolutionConfigurationPlatforms) = preSolution
		Debug|Any CPU = Debug|Any CPU
		Release|Any CPU = Release|Any CPU
	EndGlobalSection
	GlobalSection(ProjectConfigurationPlatforms) = postSolution
		{F85234C0-6EEB-4DF4-8F7F-B791DDE95CFD}.Debug|Any CPU.ActiveCfg = Debug|Any CPU
		{F85234C0-6EEB-4DF4-8F7F-B791DDE95CFD}.Debug|Any CPU.Build.0 = Debug|Any CPU
		{F85234C0-6EEB-4DF4-8F7F-B791DDE95CFD}.Release|Any CPU.ActiveCfg = Release|Any CPU
		{F85234C0-6EEB-4DF4-8F7F-B791DDE95CFD}.Release|Any CPU.Build.0 = Release|Any CPU
		{D05598A3-CA90-4306-A015-AEC0BFA31CE0}.Debug|Any CPU.ActiveCfg = Debug|Any CPU
		{D05598A3-CA90-4306-A015-AEC0BFA31CE0}.Debug|Any CPU.Build.0 = Debug|Any CPU
		{D05598A3-CA90-4306-A015-AEC0BFA31CE0}.Release|Any CPU.ActiveCfg = Release|Any CPU
		{D05598A3-CA90-4306-A015-AEC0BFA31CE0}.Release|Any CPU.Build.0 = Release|Any CPU
		{E17177B8-DC35-46B1-ADC7-23ED403A72A3}.Debug|Any CPU.ActiveCfg = Debug|Any CPU
		{E17177B8-DC35-46B1-ADC7-23ED403A72A3}.Debug|Any CPU.Build.0 = Debug|Any CPU
		{E17177B8-DC35-46B1-ADC7-23ED403A72A3}.Release|Any CPU.ActiveCfg = Release|Any CPU
		{E17177B8-DC35-46B1-ADC7-23ED403A72A3}.Release|Any CPU.Build.0 = Release|Any CPU
		{FBF50DED-3D66-4D35-8520-16E0E6BBC7BB}.Debug|Any CPU.ActiveCfg = Debug|Any CPU
		{FBF50DED-3D66-4D35-8520-16E0E6BBC7BB}.Debug|Any CPU.Build.0 = Debug|Any CPU
		{FBF50DED-3D66-4D35-8520-16E0E6BBC7BB}.Release|Any CPU.ActiveCfg = Release|Any CPU
		{FBF50DED-3D66-4D35-8520-16E0E6BBC7BB}.Release|Any CPU.Build.0 = Release|Any CPU
		{58143C1A-C990-4756-ADFF-DD91BB291563}.Debug|Any CPU.ActiveCfg = Debug|Any CPU
		{58143C1A-C990-4756-ADFF-DD91BB291563}.Debug|Any CPU.Build.0 = Debug|Any CPU
		{58143C1A-C990-4756-ADFF-DD91BB291563}.Release|Any CPU.ActiveCfg = Release|Any CPU
		{58143C1A-C990-4756-ADFF-DD91BB291563}.Release|Any CPU.Build.0 = Release|Any CPU
		{4262FC97-B551-4536-8AC0-E2E5B7D57A47}.Debug|Any CPU.ActiveCfg = Debug|Any CPU
		{4262FC97-B551-4536-8AC0-E2E5B7D57A47}.Debug|Any CPU.Build.0 = Debug|Any CPU
		{4262FC97-B551-4536-8AC0-E2E5B7D57A47}.Release|Any CPU.ActiveCfg = Release|Any CPU
		{4262FC97-B551-4536-8AC0-E2E5B7D57A47}.Release|Any CPU.Build.0 = Release|Any CPU
		{B52B8592-5E30-49E0-8F7A-6B8FA51571C2}.Debug|Any CPU.ActiveCfg = Debug|Any CPU
		{B52B8592-5E30-49E0-8F7A-6B8FA51571C2}.Debug|Any CPU.Build.0 = Debug|Any CPU
		{B52B8592-5E30-49E0-8F7A-6B8FA51571C2}.Release|Any CPU.ActiveCfg = Release|Any CPU
		{B52B8592-5E30-49E0-8F7A-6B8FA51571C2}.Release|Any CPU.Build.0 = Release|Any CPU
		{011AE732-1255-4C19-8F67-B6E64497D59B}.Debug|Any CPU.ActiveCfg = Debug|Any CPU
		{011AE732-1255-4C19-8F67-B6E64497D59B}.Debug|Any CPU.Build.0 = Debug|Any CPU
		{011AE732-1255-4C19-8F67-B6E64497D59B}.Release|Any CPU.ActiveCfg = Release|Any CPU
		{011AE732-1255-4C19-8F67-B6E64497D59B}.Release|Any CPU.Build.0 = Release|Any CPU
		{9DC3E6F1-1B0F-4437-A578-BB985DC8D454}.Debug|Any CPU.ActiveCfg = Debug|Any CPU
		{9DC3E6F1-1B0F-4437-A578-BB985DC8D454}.Debug|Any CPU.Build.0 = Debug|Any CPU
		{9DC3E6F1-1B0F-4437-A578-BB985DC8D454}.Release|Any CPU.ActiveCfg = Release|Any CPU
		{9DC3E6F1-1B0F-4437-A578-BB985DC8D454}.Release|Any CPU.Build.0 = Release|Any CPU
		{F5018E64-EE11-4679-AA3E-8B1ABB84C752}.Debug|Any CPU.ActiveCfg = Debug|Any CPU
		{F5018E64-EE11-4679-AA3E-8B1ABB84C752}.Debug|Any CPU.Build.0 = Debug|Any CPU
		{F5018E64-EE11-4679-AA3E-8B1ABB84C752}.Release|Any CPU.ActiveCfg = Release|Any CPU
		{F5018E64-EE11-4679-AA3E-8B1ABB84C752}.Release|Any CPU.Build.0 = Release|Any CPU
		{71EA25FD-B5DF-48EE-A77C-20DA015F961E}.Debug|Any CPU.ActiveCfg = Debug|Any CPU
		{71EA25FD-B5DF-48EE-A77C-20DA015F961E}.Debug|Any CPU.Build.0 = Debug|Any CPU
		{71EA25FD-B5DF-48EE-A77C-20DA015F961E}.Release|Any CPU.ActiveCfg = Release|Any CPU
		{71EA25FD-B5DF-48EE-A77C-20DA015F961E}.Release|Any CPU.Build.0 = Release|Any CPU
		{FA5BD771-825F-4CF3-9055-76F79A5B5993}.Debug|Any CPU.ActiveCfg = Debug|Any CPU
		{FA5BD771-825F-4CF3-9055-76F79A5B5993}.Debug|Any CPU.Build.0 = Debug|Any CPU
		{FA5BD771-825F-4CF3-9055-76F79A5B5993}.Release|Any CPU.ActiveCfg = Release|Any CPU
		{FA5BD771-825F-4CF3-9055-76F79A5B5993}.Release|Any CPU.Build.0 = Release|Any CPU
		{2D31249D-43C2-40E3-BD39-637B61FF3A15}.Debug|Any CPU.ActiveCfg = Debug|Any CPU
		{2D31249D-43C2-40E3-BD39-637B61FF3A15}.Debug|Any CPU.Build.0 = Debug|Any CPU
		{2D31249D-43C2-40E3-BD39-637B61FF3A15}.Release|Any CPU.ActiveCfg = Release|Any CPU
		{2D31249D-43C2-40E3-BD39-637B61FF3A15}.Release|Any CPU.Build.0 = Release|Any CPU
		{F7E193F6-E5F2-4100-A36A-7FF59DFB2457}.Debug|Any CPU.ActiveCfg = Debug|Any CPU
		{F7E193F6-E5F2-4100-A36A-7FF59DFB2457}.Debug|Any CPU.Build.0 = Debug|Any CPU
		{F7E193F6-E5F2-4100-A36A-7FF59DFB2457}.Release|Any CPU.ActiveCfg = Release|Any CPU
		{F7E193F6-E5F2-4100-A36A-7FF59DFB2457}.Release|Any CPU.Build.0 = Release|Any CPU
		{E310BCD4-42A6-44D8-949F-781284DCC06F}.Debug|Any CPU.ActiveCfg = Debug|Any CPU
		{E310BCD4-42A6-44D8-949F-781284DCC06F}.Debug|Any CPU.Build.0 = Debug|Any CPU
		{E310BCD4-42A6-44D8-949F-781284DCC06F}.Release|Any CPU.ActiveCfg = Release|Any CPU
		{E310BCD4-42A6-44D8-949F-781284DCC06F}.Release|Any CPU.Build.0 = Release|Any CPU
		{93C337FC-E330-4E8A-A39A-1B4F14C7D657}.Debug|Any CPU.ActiveCfg = Debug|Any CPU
		{93C337FC-E330-4E8A-A39A-1B4F14C7D657}.Debug|Any CPU.Build.0 = Debug|Any CPU
		{93C337FC-E330-4E8A-A39A-1B4F14C7D657}.Release|Any CPU.ActiveCfg = Release|Any CPU
		{93C337FC-E330-4E8A-A39A-1B4F14C7D657}.Release|Any CPU.Build.0 = Release|Any CPU
		{748A09E3-A24D-4F8F-9558-B4BC9567FB44}.Debug|Any CPU.ActiveCfg = Debug|Any CPU
		{748A09E3-A24D-4F8F-9558-B4BC9567FB44}.Debug|Any CPU.Build.0 = Debug|Any CPU
		{748A09E3-A24D-4F8F-9558-B4BC9567FB44}.Release|Any CPU.ActiveCfg = Release|Any CPU
		{748A09E3-A24D-4F8F-9558-B4BC9567FB44}.Release|Any CPU.Build.0 = Release|Any CPU
		{E7200491-23E4-4A5F-AFCF-EABFD34816B4}.Debug|Any CPU.ActiveCfg = Debug|Any CPU
		{E7200491-23E4-4A5F-AFCF-EABFD34816B4}.Debug|Any CPU.Build.0 = Debug|Any CPU
		{E7200491-23E4-4A5F-AFCF-EABFD34816B4}.Release|Any CPU.ActiveCfg = Release|Any CPU
		{E7200491-23E4-4A5F-AFCF-EABFD34816B4}.Release|Any CPU.Build.0 = Release|Any CPU
	EndGlobalSection
	GlobalSection(SolutionProperties) = preSolution
		HideSolutionNode = FALSE
	EndGlobalSection
	GlobalSection(NestedProjects) = preSolution
		{F85234C0-6EEB-4DF4-8F7F-B791DDE95CFD} = {02EA681E-C7D8-13C7-8484-4AC65E1B71E8}
		{D05598A3-CA90-4306-A015-AEC0BFA31CE0} = {02EA681E-C7D8-13C7-8484-4AC65E1B71E8}
		{E17177B8-DC35-46B1-ADC7-23ED403A72A3} = {02EA681E-C7D8-13C7-8484-4AC65E1B71E8}
		{FBF50DED-3D66-4D35-8520-16E0E6BBC7BB} = {1B8BEC1B-F718-4F87-8475-073D86EC26AD}
		{58143C1A-C990-4756-ADFF-DD91BB291563} = {1B8BEC1B-F718-4F87-8475-073D86EC26AD}
		{4262FC97-B551-4536-8AC0-E2E5B7D57A47} = {1B8BEC1B-F718-4F87-8475-073D86EC26AD}
		{B52B8592-5E30-49E0-8F7A-6B8FA51571C2} = {86CAC906-7919-46DB-8EC0-69AB685DC055}
		{011AE732-1255-4C19-8F67-B6E64497D59B} = {86CAC906-7919-46DB-8EC0-69AB685DC055}
		{9DC3E6F1-1B0F-4437-A578-BB985DC8D454} = {86CAC906-7919-46DB-8EC0-69AB685DC055}
		{F5018E64-EE11-4679-AA3E-8B1ABB84C752} = {554028FF-6670-48E4-8415-1A99F50B1FB2}
		{71EA25FD-B5DF-48EE-A77C-20DA015F961E} = {554028FF-6670-48E4-8415-1A99F50B1FB2}
		{FA5BD771-825F-4CF3-9055-76F79A5B5993} = {554028FF-6670-48E4-8415-1A99F50B1FB2}
		{2D31249D-43C2-40E3-BD39-637B61FF3A15} = {AB1BBC7B-7C2D-4F90-A02C-DD859F29F9D7}
		{F7E193F6-E5F2-4100-A36A-7FF59DFB2457} = {AB1BBC7B-7C2D-4F90-A02C-DD859F29F9D7}
		{E310BCD4-42A6-44D8-949F-781284DCC06F} = {AB1BBC7B-7C2D-4F90-A02C-DD859F29F9D7}
		{93C337FC-E330-4E8A-A39A-1B4F14C7D657} = {706E2457-9510-4400-9E92-1726F41A66C0}
		{748A09E3-A24D-4F8F-9558-B4BC9567FB44} = {706E2457-9510-4400-9E92-1726F41A66C0}
		{E7200491-23E4-4A5F-AFCF-EABFD34816B4} = {706E2457-9510-4400-9E92-1726F41A66C0}
	EndGlobalSection
	GlobalSection(ExtensibilityGlobals) = postSolution
		SolutionGuid = {E91122AF-F3AD-4714-846F-EEC467F4C4F3}
	EndGlobalSection
EndGlobal
